// !$*UTF8*$!
{
	archiveVersion = 1;
	classes = {
	};
	objectVersion = 55;
	objects = {

/* Begin PBXBuildFile section */
		3CF6033D28A1CACA0070B6F9 /* SportsCentralApp.swift in Sources */ = {isa = PBXBuildFile; fileRef = 3CF6033C28A1CACA0070B6F9 /* SportsCentralApp.swift */; };
		3CF6033F28A1CACA0070B6F9 /* ContentView.swift in Sources */ = {isa = PBXBuildFile; fileRef = 3CF6033E28A1CACA0070B6F9 /* ContentView.swift */; };
		3CF6034128A1CACB0070B6F9 /* Assets.xcassets in Resources */ = {isa = PBXBuildFile; fileRef = 3CF6034028A1CACB0070B6F9 /* Assets.xcassets */; };
		3CF6034428A1CACB0070B6F9 /* Preview Assets.xcassets in Resources */ = {isa = PBXBuildFile; fileRef = 3CF6034328A1CACB0070B6F9 /* Preview Assets.xcassets */; };
		3CF6034E28A1CACB0070B6F9 /* SportsCentralTests.swift in Sources */ = {isa = PBXBuildFile; fileRef = 3CF6034D28A1CACB0070B6F9 /* SportsCentralTests.swift */; };
		3CF6035828A1CACB0070B6F9 /* SportsCentralUITests.swift in Sources */ = {isa = PBXBuildFile; fileRef = 3CF6035728A1CACB0070B6F9 /* SportsCentralUITests.swift */; };
		3CF6035A28A1CACB0070B6F9 /* SportsCentralUITestsLaunchTests.swift in Sources */ = {isa = PBXBuildFile; fileRef = 3CF6035928A1CACB0070B6F9 /* SportsCentralUITestsLaunchTests.swift */; };
/* End PBXBuildFile section */

/* Begin PBXContainerItemProxy section */
		3CF6034A28A1CACB0070B6F9 /* PBXContainerItemProxy */ = {
			isa = PBXContainerItemProxy;
			containerPortal = 3CF6033128A1CACA0070B6F9 /* Project object */;
			proxyType = 1;
			remoteGlobalIDString = 3CF6033828A1CACA0070B6F9;
			remoteInfo = SportsCentral;
		};
		3CF6035428A1CACB0070B6F9 /* PBXContainerItemProxy */ = {
			isa = PBXContainerItemProxy;
			containerPortal = 3CF6033128A1CACA0070B6F9 /* Project object */;
			proxyType = 1;
			remoteGlobalIDString = 3CF6033828A1CACA0070B6F9;
			remoteInfo = SportsCentral;
		};
/* End PBXContainerItemProxy section */

/* Begin PBXFileReference section */
		3CF6033928A1CACA0070B6F9 /* SportsCentral.app */ = {isa = PBXFileReference; explicitFileType = wrapper.application; includeInIndex = 0; path = SportsCentral.app; sourceTree = BUILT_PRODUCTS_DIR; };
		3CF6033C28A1CACA0070B6F9 /* SportsCentralApp.swift */ = {isa = PBXFileReference; lastKnownFileType = sourcecode.swift; path = SportsCentralApp.swift; sourceTree = "<group>"; };
		3CF6033E28A1CACA0070B6F9 /* ContentView.swift */ = {isa = PBXFileReference; lastKnownFileType = sourcecode.swift; path = ContentView.swift; sourceTree = "<group>"; };
		3CF6034028A1CACB0070B6F9 /* Assets.xcassets */ = {isa = PBXFileReference; lastKnownFileType = folder.assetcatalog; path = Assets.xcassets; sourceTree = "<group>"; };
		3CF6034328A1CACB0070B6F9 /* Preview Assets.xcassets */ = {isa = PBXFileReference; lastKnownFileType = folder.assetcatalog; path = "Preview Assets.xcassets"; sourceTree = "<group>"; };
		3CF6034928A1CACB0070B6F9 /* SportsCentralTests.xctest */ = {isa = PBXFileReference; explicitFileType = wrapper.cfbundle; includeInIndex = 0; path = SportsCentralTests.xctest; sourceTree = BUILT_PRODUCTS_DIR; };
		3CF6034D28A1CACB0070B6F9 /* SportsCentralTests.swift */ = {isa = PBXFileReference; lastKnownFileType = sourcecode.swift; path = SportsCentralTests.swift; sourceTree = "<group>"; };
		3CF6035328A1CACB0070B6F9 /* SportsCentralUITests.xctest */ = {isa = PBXFileReference; explicitFileType = wrapper.cfbundle; includeInIndex = 0; path = SportsCentralUITests.xctest; sourceTree = BUILT_PRODUCTS_DIR; };
		3CF6035728A1CACB0070B6F9 /* SportsCentralUITests.swift */ = {isa = PBXFileReference; lastKnownFileType = sourcecode.swift; path = SportsCentralUITests.swift; sourceTree = "<group>"; };
		3CF6035928A1CACB0070B6F9 /* SportsCentralUITestsLaunchTests.swift */ = {isa = PBXFileReference; lastKnownFileType = sourcecode.swift; path = SportsCentralUITestsLaunchTests.swift; sourceTree = "<group>"; };
/* End PBXFileReference section */

/* Begin PBXFrameworksBuildPhase section */
		3CF6033628A1CACA0070B6F9 /* Frameworks */ = {
			isa = PBXFrameworksBuildPhase;
			buildActionMask = 2147483647;
			files = (
			);
			runOnlyForDeploymentPostprocessing = 0;
		};
		3CF6034628A1CACB0070B6F9 /* Frameworks */ = {
			isa = PBXFrameworksBuildPhase;
			buildActionMask = 2147483647;
			files = (
			);
			runOnlyForDeploymentPostprocessing = 0;
		};
		3CF6035028A1CACB0070B6F9 /* Frameworks */ = {
			isa = PBXFrameworksBuildPhase;
			buildActionMask = 2147483647;
			files = (
			);
			runOnlyForDeploymentPostprocessing = 0;
		};
/* End PBXFrameworksBuildPhase section */

/* Begin PBXGroup section */
		3CF6033028A1CACA0070B6F9 = {
			isa = PBXGroup;
			children = (
				3CF6033B28A1CACA0070B6F9 /* SportsCentral */,
				3CF6034C28A1CACB0070B6F9 /* SportsCentralTests */,
				3CF6035628A1CACB0070B6F9 /* SportsCentralUITests */,
				3CF6033A28A1CACA0070B6F9 /* Products */,
			);
			sourceTree = "<group>";
		};
		3CF6033A28A1CACA0070B6F9 /* Products */ = {
			isa = PBXGroup;
			children = (
				3CF6033928A1CACA0070B6F9 /* SportsCentral.app */,
				3CF6034928A1CACB0070B6F9 /* SportsCentralTests.xctest */,
				3CF6035328A1CACB0070B6F9 /* SportsCentralUITests.xctest */,
			);
			name = Products;
			sourceTree = "<group>";
		};
		3CF6033B28A1CACA0070B6F9 /* SportsCentral */ = {
			isa = PBXGroup;
			children = (
				3CF6033C28A1CACA0070B6F9 /* SportsCentralApp.swift */,
				3CF6033E28A1CACA0070B6F9 /* ContentView.swift */,
				3CF6034028A1CACB0070B6F9 /* Assets.xcassets */,
				3CF6034228A1CACB0070B6F9 /* Preview Content */,
			);
			path = SportsCentral;
			sourceTree = "<group>";
		};
		3CF6034228A1CACB0070B6F9 /* Preview Content */ = {
			isa = PBXGroup;
			children = (
				3CF6034328A1CACB0070B6F9 /* Preview Assets.xcassets */,
			);
			path = "Preview Content";
			sourceTree = "<group>";
		};
		3CF6034C28A1CACB0070B6F9 /* SportsCentralTests */ = {
			isa = PBXGroup;
			children = (
				3CF6034D28A1CACB0070B6F9 /* SportsCentralTests.swift */,
			);
			path = SportsCentralTests;
			sourceTree = "<group>";
		};
		3CF6035628A1CACB0070B6F9 /* SportsCentralUITests */ = {
			isa = PBXGroup;
			children = (
				3CF6035728A1CACB0070B6F9 /* SportsCentralUITests.swift */,
				3CF6035928A1CACB0070B6F9 /* SportsCentralUITestsLaunchTests.swift */,
			);
			path = SportsCentralUITests;
			sourceTree = "<group>";
		};
/* End PBXGroup section */

/* Begin PBXNativeTarget section */
		3CF6033828A1CACA0070B6F9 /* SportsCentral */ = {
			isa = PBXNativeTarget;
			buildConfigurationList = 3CF6035D28A1CACB0070B6F9 /* Build configuration list for PBXNativeTarget "SportsCentral" */;
			buildPhases = (
				3CF6033528A1CACA0070B6F9 /* Sources */,
				3CF6033628A1CACA0070B6F9 /* Frameworks */,
				3CF6033728A1CACA0070B6F9 /* Resources */,
			);
			buildRules = (
			);
			dependencies = (
			);
			name = SportsCentral;
			productName = SportsCentral;
			productReference = 3CF6033928A1CACA0070B6F9 /* SportsCentral.app */;
			productType = "com.apple.product-type.application";
		};
		3CF6034828A1CACB0070B6F9 /* SportsCentralTests */ = {
			isa = PBXNativeTarget;
			buildConfigurationList = 3CF6036028A1CACB0070B6F9 /* Build configuration list for PBXNativeTarget "SportsCentralTests" */;
			buildPhases = (
				3CF6034528A1CACB0070B6F9 /* Sources */,
				3CF6034628A1CACB0070B6F9 /* Frameworks */,
				3CF6034728A1CACB0070B6F9 /* Resources */,
			);
			buildRules = (
			);
			dependencies = (
				3CF6034B28A1CACB0070B6F9 /* PBXTargetDependency */,
			);
			name = SportsCentralTests;
			productName = SportsCentralTests;
			productReference = 3CF6034928A1CACB0070B6F9 /* SportsCentralTests.xctest */;
			productType = "com.apple.product-type.bundle.unit-test";
		};
		3CF6035228A1CACB0070B6F9 /* SportsCentralUITests */ = {
			isa = PBXNativeTarget;
			buildConfigurationList = 3CF6036328A1CACB0070B6F9 /* Build configuration list for PBXNativeTarget "SportsCentralUITests" */;
			buildPhases = (
				3CF6034F28A1CACB0070B6F9 /* Sources */,
				3CF6035028A1CACB0070B6F9 /* Frameworks */,
				3CF6035128A1CACB0070B6F9 /* Resources */,
			);
			buildRules = (
			);
			dependencies = (
				3CF6035528A1CACB0070B6F9 /* PBXTargetDependency */,
			);
			name = SportsCentralUITests;
			productName = SportsCentralUITests;
			productReference = 3CF6035328A1CACB0070B6F9 /* SportsCentralUITests.xctest */;
			productType = "com.apple.product-type.bundle.ui-testing";
		};
/* End PBXNativeTarget section */

/* Begin PBXProject section */
		3CF6033128A1CACA0070B6F9 /* Project object */ = {
			isa = PBXProject;
			attributes = {
				BuildIndependentTargetsInParallel = 1;
				LastSwiftUpdateCheck = 1330;
				LastUpgradeCheck = 1330;
				TargetAttributes = {
					3CF6033828A1CACA0070B6F9 = {
						CreatedOnToolsVersion = 13.3.1;
					};
					3CF6034828A1CACB0070B6F9 = {
						CreatedOnToolsVersion = 13.3.1;
						TestTargetID = 3CF6033828A1CACA0070B6F9;
					};
					3CF6035228A1CACB0070B6F9 = {
						CreatedOnToolsVersion = 13.3.1;
						TestTargetID = 3CF6033828A1CACA0070B6F9;
					};
				};
			};
			buildConfigurationList = 3CF6033428A1CACA0070B6F9 /* Build configuration list for PBXProject "SportsCentral" */;
			compatibilityVersion = "Xcode 13.0";
			developmentRegion = en;
			hasScannedForEncodings = 0;
			knownRegions = (
				en,
				Base,
			);
			mainGroup = 3CF6033028A1CACA0070B6F9;
			productRefGroup = 3CF6033A28A1CACA0070B6F9 /* Products */;
			projectDirPath = "";
			projectRoot = "";
			targets = (
				3CF6033828A1CACA0070B6F9 /* SportsCentral */,
				3CF6034828A1CACB0070B6F9 /* SportsCentralTests */,
				3CF6035228A1CACB0070B6F9 /* SportsCentralUITests */,
			);
		};
/* End PBXProject section */

/* Begin PBXResourcesBuildPhase section */
		3CF6033728A1CACA0070B6F9 /* Resources */ = {
			isa = PBXResourcesBuildPhase;
			buildActionMask = 2147483647;
			files = (
				3CF6034428A1CACB0070B6F9 /* Preview Assets.xcassets in Resources */,
				3CF6034128A1CACB0070B6F9 /* Assets.xcassets in Resources */,
			);
			runOnlyForDeploymentPostprocessing = 0;
		};
		3CF6034728A1CACB0070B6F9 /* Resources */ = {
			isa = PBXResourcesBuildPhase;
			buildActionMask = 2147483647;
			files = (
			);
			runOnlyForDeploymentPostprocessing = 0;
		};
		3CF6035128A1CACB0070B6F9 /* Resources */ = {
			isa = PBXResourcesBuildPhase;
			buildActionMask = 2147483647;
			files = (
			);
			runOnlyForDeploymentPostprocessing = 0;
		};
/* End PBXResourcesBuildPhase section */

/* Begin PBXSourcesBuildPhase section */
		3CF6033528A1CACA0070B6F9 /* Sources */ = {
			isa = PBXSourcesBuildPhase;
			buildActionMask = 2147483647;
			files = (
				3CF6033F28A1CACA0070B6F9 /* ContentView.swift in Sources */,
				3CF6033D28A1CACA0070B6F9 /* SportsCentralApp.swift in Sources */,
			);
			runOnlyForDeploymentPostprocessing = 0;
		};
		3CF6034528A1CACB0070B6F9 /* Sources */ = {
			isa = PBXSourcesBuildPhase;
			buildActionMask = 2147483647;
			files = (
				3CF6034E28A1CACB0070B6F9 /* SportsCentralTests.swift in Sources */,
			);
			runOnlyForDeploymentPostprocessing = 0;
		};
		3CF6034F28A1CACB0070B6F9 /* Sources */ = {
			isa = PBXSourcesBuildPhase;
			buildActionMask = 2147483647;
			files = (
				3CF6035828A1CACB0070B6F9 /* SportsCentralUITests.swift in Sources */,
				3CF6035A28A1CACB0070B6F9 /* SportsCentralUITestsLaunchTests.swift in Sources */,
			);
			runOnlyForDeploymentPostprocessing = 0;
		};
/* End PBXSourcesBuildPhase section */

/* Begin PBXTargetDependency section */
		3CF6034B28A1CACB0070B6F9 /* PBXTargetDependency */ = {
			isa = PBXTargetDependency;
			target = 3CF6033828A1CACA0070B6F9 /* SportsCentral */;
			targetProxy = 3CF6034A28A1CACB0070B6F9 /* PBXContainerItemProxy */;
		};
		3CF6035528A1CACB0070B6F9 /* PBXTargetDependency */ = {
			isa = PBXTargetDependency;
			target = 3CF6033828A1CACA0070B6F9 /* SportsCentral */;
			targetProxy = 3CF6035428A1CACB0070B6F9 /* PBXContainerItemProxy */;
		};
/* End PBXTargetDependency section */

/* Begin XCBuildConfiguration section */
		3CF6035B28A1CACB0070B6F9 /* Debug */ = {
			isa = XCBuildConfiguration;
			buildSettings = {
				ALWAYS_SEARCH_USER_PATHS = NO;
				CLANG_ANALYZER_NONNULL = YES;
				CLANG_ANALYZER_NUMBER_OBJECT_CONVERSION = YES_AGGRESSIVE;
				CLANG_CXX_LANGUAGE_STANDARD = "gnu++17";
				CLANG_ENABLE_MODULES = YES;
				CLANG_ENABLE_OBJC_ARC = YES;
				CLANG_ENABLE_OBJC_WEAK = YES;
				CLANG_WARN_BLOCK_CAPTURE_AUTORELEASING = YES;
				CLANG_WARN_BOOL_CONVERSION = YES;
				CLANG_WARN_COMMA = YES;
				CLANG_WARN_CONSTANT_CONVERSION = YES;
				CLANG_WARN_DEPRECATED_OBJC_IMPLEMENTATIONS = YES;
				CLANG_WARN_DIRECT_OBJC_ISA_USAGE = YES_ERROR;
				CLANG_WARN_DOCUMENTATION_COMMENTS = YES;
				CLANG_WARN_EMPTY_BODY = YES;
				CLANG_WARN_ENUM_CONVERSION = YES;
				CLANG_WARN_INFINITE_RECURSION = YES;
				CLANG_WARN_INT_CONVERSION = YES;
				CLANG_WARN_NON_LITERAL_NULL_CONVERSION = YES;
				CLANG_WARN_OBJC_IMPLICIT_RETAIN_SELF = YES;
				CLANG_WARN_OBJC_LITERAL_CONVERSION = YES;
				CLANG_WARN_OBJC_ROOT_CLASS = YES_ERROR;
				CLANG_WARN_QUOTED_INCLUDE_IN_FRAMEWORK_HEADER = YES;
				CLANG_WARN_RANGE_LOOP_ANALYSIS = YES;
				CLANG_WARN_STRICT_PROTOTYPES = YES;
				CLANG_WARN_SUSPICIOUS_MOVE = YES;
				CLANG_WARN_UNGUARDED_AVAILABILITY = YES_AGGRESSIVE;
				CLANG_WARN_UNREACHABLE_CODE = YES;
				CLANG_WARN__DUPLICATE_METHOD_MATCH = YES;
				COPY_PHASE_STRIP = NO;
				DEBUG_INFORMATION_FORMAT = dwarf;
				ENABLE_STRICT_OBJC_MSGSEND = YES;
				ENABLE_TESTABILITY = YES;
				GCC_C_LANGUAGE_STANDARD = gnu11;
				GCC_DYNAMIC_NO_PIC = NO;
				GCC_NO_COMMON_BLOCKS = YES;
				GCC_OPTIMIZATION_LEVEL = 0;
				GCC_PREPROCESSOR_DEFINITIONS = (
					"DEBUG=1",
					"$(inherited)",
				);
				GCC_WARN_64_TO_32_BIT_CONVERSION = YES;
				GCC_WARN_ABOUT_RETURN_TYPE = YES_ERROR;
				GCC_WARN_UNDECLARED_SELECTOR = YES;
				GCC_WARN_UNINITIALIZED_AUTOS = YES_AGGRESSIVE;
				GCC_WARN_UNUSED_FUNCTION = YES;
				GCC_WARN_UNUSED_VARIABLE = YES;
				IPHONEOS_DEPLOYMENT_TARGET = 15.4;
				MTL_ENABLE_DEBUG_INFO = INCLUDE_SOURCE;
				MTL_FAST_MATH = YES;
				ONLY_ACTIVE_ARCH = YES;
				SDKROOT = iphoneos;
				SWIFT_ACTIVE_COMPILATION_CONDITIONS = DEBUG;
				SWIFT_OPTIMIZATION_LEVEL = "-Onone";
			};
			name = Debug;
		};
		3CF6035C28A1CACB0070B6F9 /* Release */ = {
			isa = XCBuildConfiguration;
			buildSettings = {
				ALWAYS_SEARCH_USER_PATHS = NO;
				CLANG_ANALYZER_NONNULL = YES;
				CLANG_ANALYZER_NUMBER_OBJECT_CONVERSION = YES_AGGRESSIVE;
				CLANG_CXX_LANGUAGE_STANDARD = "gnu++17";
				CLANG_ENABLE_MODULES = YES;
				CLANG_ENABLE_OBJC_ARC = YES;
				CLANG_ENABLE_OBJC_WEAK = YES;
				CLANG_WARN_BLOCK_CAPTURE_AUTORELEASING = YES;
				CLANG_WARN_BOOL_CONVERSION = YES;
				CLANG_WARN_COMMA = YES;
				CLANG_WARN_CONSTANT_CONVERSION = YES;
				CLANG_WARN_DEPRECATED_OBJC_IMPLEMENTATIONS = YES;
				CLANG_WARN_DIRECT_OBJC_ISA_USAGE = YES_ERROR;
				CLANG_WARN_DOCUMENTATION_COMMENTS = YES;
				CLANG_WARN_EMPTY_BODY = YES;
				CLANG_WARN_ENUM_CONVERSION = YES;
				CLANG_WARN_INFINITE_RECURSION = YES;
				CLANG_WARN_INT_CONVERSION = YES;
				CLANG_WARN_NON_LITERAL_NULL_CONVERSION = YES;
				CLANG_WARN_OBJC_IMPLICIT_RETAIN_SELF = YES;
				CLANG_WARN_OBJC_LITERAL_CONVERSION = YES;
				CLANG_WARN_OBJC_ROOT_CLASS = YES_ERROR;
				CLANG_WARN_QUOTED_INCLUDE_IN_FRAMEWORK_HEADER = YES;
				CLANG_WARN_RANGE_LOOP_ANALYSIS = YES;
				CLANG_WARN_STRICT_PROTOTYPES = YES;
				CLANG_WARN_SUSPICIOUS_MOVE = YES;
				CLANG_WARN_UNGUARDED_AVAILABILITY = YES_AGGRESSIVE;
				CLANG_WARN_UNREACHABLE_CODE = YES;
				CLANG_WARN__DUPLICATE_METHOD_MATCH = YES;
				COPY_PHASE_STRIP = NO;
				DEBUG_INFORMATION_FORMAT = "dwarf-with-dsym";
				ENABLE_NS_ASSERTIONS = NO;
				ENABLE_STRICT_OBJC_MSGSEND = YES;
				GCC_C_LANGUAGE_STANDARD = gnu11;
				GCC_NO_COMMON_BLOCKS = YES;
				GCC_WARN_64_TO_32_BIT_CONVERSION = YES;
				GCC_WARN_ABOUT_RETURN_TYPE = YES_ERROR;
				GCC_WARN_UNDECLARED_SELECTOR = YES;
				GCC_WARN_UNINITIALIZED_AUTOS = YES_AGGRESSIVE;
				GCC_WARN_UNUSED_FUNCTION = YES;
				GCC_WARN_UNUSED_VARIABLE = YES;
				IPHONEOS_DEPLOYMENT_TARGET = 15.4;
				MTL_ENABLE_DEBUG_INFO = NO;
				MTL_FAST_MATH = YES;
				SDKROOT = iphoneos;
				SWIFT_COMPILATION_MODE = wholemodule;
				SWIFT_OPTIMIZATION_LEVEL = "-O";
				VALIDATE_PRODUCT = YES;
			};
			name = Release;
		};
		3CF6035E28A1CACB0070B6F9 /* Debug */ = {
			isa = XCBuildConfiguration;
			buildSettings = {
				ASSETCATALOG_COMPILER_APPICON_NAME = AppIcon;
				ASSETCATALOG_COMPILER_GLOBAL_ACCENT_COLOR_NAME = AccentColor;
				CODE_SIGN_STYLE = Automatic;
				CURRENT_PROJECT_VERSION = 1;
				DEVELOPMENT_ASSET_PATHS = "\"SportsCentral/Preview Content\"";
				DEVELOPMENT_TEAM = G46Y36GMD7;
				ENABLE_PREVIEWS = YES;
				GENERATE_INFOPLIST_FILE = YES;
				INFOPLIST_KEY_UIApplicationSceneManifest_Generation = YES;
				INFOPLIST_KEY_UIApplicationSupportsIndirectInputEvents = YES;
				INFOPLIST_KEY_UILaunchScreen_Generation = YES;
				INFOPLIST_KEY_UISupportedInterfaceOrientations_iPad = "UIInterfaceOrientationPortrait UIInterfaceOrientationPortraitUpsideDown UIInterfaceOrientationLandscapeLeft UIInterfaceOrientationLandscapeRight";
				INFOPLIST_KEY_UISupportedInterfaceOrientations_iPhone = "UIInterfaceOrientationPortrait UIInterfaceOrientationLandscapeLeft UIInterfaceOrientationLandscapeRight";
				LD_RUNPATH_SEARCH_PATHS = (
					"$(inherited)",
					"@executable_path/Frameworks",
				);
				MARKETING_VERSION = 1.0;
				PRODUCT_BUNDLE_IDENTIFIER = MariaJoana.SportsCentral;
				PRODUCT_NAME = "$(TARGET_NAME)";
				SWIFT_EMIT_LOC_STRINGS = YES;
				SWIFT_VERSION = 5.0;
				TARGETED_DEVICE_FAMILY = "1,2";
			};
			name = Debug;
		};
		3CF6035F28A1CACB0070B6F9 /* Release */ = {
			isa = XCBuildConfiguration;
			buildSettings = {
				ASSETCATALOG_COMPILER_APPICON_NAME = AppIcon;
				ASSETCATALOG_COMPILER_GLOBAL_ACCENT_COLOR_NAME = AccentColor;
				CODE_SIGN_STYLE = Automatic;
				CURRENT_PROJECT_VERSION = 1;
				DEVELOPMENT_ASSET_PATHS = "\"SportsCentral/Preview Content\"";
				DEVELOPMENT_TEAM = G46Y36GMD7;
				ENABLE_PREVIEWS = YES;
				GENERATE_INFOPLIST_FILE = YES;
				INFOPLIST_KEY_UIApplicationSceneManifest_Generation = YES;
				INFOPLIST_KEY_UIApplicationSupportsIndirectInputEvents = YES;
				INFOPLIST_KEY_UILaunchScreen_Generation = YES;
				INFOPLIST_KEY_UISupportedInterfaceOrientations_iPad = "UIInterfaceOrientationPortrait UIInterfaceOrientationPortraitUpsideDown UIInterfaceOrientationLandscapeLeft UIInterfaceOrientationLandscapeRight";
				INFOPLIST_KEY_UISupportedInterfaceOrientations_iPhone = "UIInterfaceOrientationPortrait UIInterfaceOrientationLandscapeLeft UIInterfaceOrientationLandscapeRight";
				LD_RUNPATH_SEARCH_PATHS = (
					"$(inherited)",
					"@executable_path/Frameworks",
				);
				MARKETING_VERSION = 1.0;
				PRODUCT_BUNDLE_IDENTIFIER = MariaJoana.SportsCentral;
				PRODUCT_NAME = "$(TARGET_NAME)";
				SWIFT_EMIT_LOC_STRINGS = YES;
				SWIFT_VERSION = 5.0;
				TARGETED_DEVICE_FAMILY = "1,2";
			};
			name = Release;
		};
		3CF6036128A1CACB0070B6F9 /* Debug */ = {
			isa = XCBuildConfiguration;
			buildSettings = {
				ALWAYS_EMBED_SWIFT_STANDARD_LIBRARIES = YES;
				BUNDLE_LOADER = "$(TEST_HOST)";
				CODE_SIGN_STYLE = Automatic;
				CURRENT_PROJECT_VERSION = 1;
				DEVELOPMENT_TEAM = G46Y36GMD7;
				GENERATE_INFOPLIST_FILE = YES;
				IPHONEOS_DEPLOYMENT_TARGET = 15.4;
				MARKETING_VERSION = 1.0;
				PRODUCT_BUNDLE_IDENTIFIER = MariaJoana.SportsCentralTests;
				PRODUCT_NAME = "$(TARGET_NAME)";
				SWIFT_EMIT_LOC_STRINGS = NO;
				SWIFT_VERSION = 5.0;
				TARGETED_DEVICE_FAMILY = "1,2";
				TEST_HOST = "$(BUILT_PRODUCTS_DIR)/SportsCentral.app/SportsCentral";
			};
			name = Debug;
		};
		3CF6036228A1CACB0070B6F9 /* Release */ = {
			isa = XCBuildConfiguration;
			buildSettings = {
				ALWAYS_EMBED_SWIFT_STANDARD_LIBRARIES = YES;
				BUNDLE_LOADER = "$(TEST_HOST)";
				CODE_SIGN_STYLE = Automatic;
				CURRENT_PROJECT_VERSION = 1;
				DEVELOPMENT_TEAM = G46Y36GMD7;
				GENERATE_INFOPLIST_FILE = YES;
				IPHONEOS_DEPLOYMENT_TARGET = 15.4;
				MARKETING_VERSION = 1.0;
				PRODUCT_BUNDLE_IDENTIFIER = MariaJoana.SportsCentralTests;
				PRODUCT_NAME = "$(TARGET_NAME)";
				SWIFT_EMIT_LOC_STRINGS = NO;
				SWIFT_VERSION = 5.0;
				TARGETED_DEVICE_FAMILY = "1,2";
				TEST_HOST = "$(BUILT_PRODUCTS_DIR)/SportsCentral.app/SportsCentral";
			};
			name = Release;
		};
		3CF6036428A1CACB0070B6F9 /* Debug */ = {
			isa = XCBuildConfiguration;
			buildSettings = {
				ALWAYS_EMBED_SWIFT_STANDARD_LIBRARIES = YES;
				CODE_SIGN_STYLE = Automatic;
				CURRENT_PROJECT_VERSION = 1;
				DEVELOPMENT_TEAM = G46Y36GMD7;
				GENERATE_INFOPLIST_FILE = YES;
				MARKETING_VERSION = 1.0;
				PRODUCT_BUNDLE_IDENTIFIER = MariaJoana.SportsCentralUITests;
				PRODUCT_NAME = "$(TARGET_NAME)";
				SWIFT_EMIT_LOC_STRINGS = NO;
				SWIFT_VERSION = 5.0;
				TARGETED_DEVICE_FAMILY = "1,2";
				TEST_TARGET_NAME = SportsCentral;
			};
			name = Debug;
		};
		3CF6036528A1CACB0070B6F9 /* Release */ = {
			isa = XCBuildConfiguration;
			buildSettings = {
				ALWAYS_EMBED_SWIFT_STANDARD_LIBRARIES = YES;
				CODE_SIGN_STYLE = Automatic;
				CURRENT_PROJECT_VERSION = 1;
				DEVELOPMENT_TEAM = G46Y36GMD7;
				GENERATE_INFOPLIST_FILE = YES;
				MARKETING_VERSION = 1.0;
				PRODUCT_BUNDLE_IDENTIFIER = MariaJoana.SportsCentralUITests;
				PRODUCT_NAME = "$(TARGET_NAME)";
				SWIFT_EMIT_LOC_STRINGS = NO;
				SWIFT_VERSION = 5.0;
				TARGETED_DEVICE_FAMILY = "1,2";
				TEST_TARGET_NAME = SportsCentral;
			};
			name = Release;
		};
/* End XCBuildConfiguration section */

/* Begin XCConfigurationList section */
		3CF6033428A1CACA0070B6F9 /* Build configuration list for PBXProject "SportsCentral" */ = {
			isa = XCConfigurationList;
			buildConfigurations = (
				3CF6035B28A1CACB0070B6F9 /* Debug */,
				3CF6035C28A1CACB0070B6F9 /* Release */,
			);
			defaultConfigurationIsVisible = 0;
			defaultConfigurationName = Release;
		};
		3CF6035D28A1CACB0070B6F9 /* Build configuration list for PBXNativeTarget "SportsCentral" */ = {
			isa = XCConfigurationList;
			buildConfigurations = (
				3CF6035E28A1CACB0070B6F9 /* Debug */,
				3CF6035F28A1CACB0070B6F9 /* Release */,
			);
			defaultConfigurationIsVisible = 0;
			defaultConfigurationName = Release;
		};
		3CF6036028A1CACB0070B6F9 /* Build configuration list for PBXNativeTarget "SportsCentralTests" */ = {
			isa = XCConfigurationList;
			buildConfigurations = (
				3CF6036128A1CACB0070B6F9 /* Debug */,
				3CF6036228A1CACB0070B6F9 /* Release */,
			);
			defaultConfigurationIsVisible = 0;
			defaultConfigurationName = Release;
		};
		3CF6036328A1CACB0070B6F9 /* Build configuration list for PBXNativeTarget "SportsCentralUITests" */ = {
			isa = XCConfigurationList;
			buildConfigurations = (
				3CF6036428A1CACB0070B6F9 /* Debug */,
				3CF6036528A1CACB0070B6F9 /* Release */,
			);
			defaultConfigurationIsVisible = 0;
			defaultConfigurationName = Release;
		};
/* End XCConfigurationList section */
	};
	rootObject = 3CF6033128A1CACA0070B6F9 /* Project object */;
}
